// !$*UTF8*$!
{
	archiveVersion = 1;
	classes = {
	};
	objectVersion = 46;
	objects = {

/* Begin PBXBuildFile section */
		1F7D43E11ECF916E00A8890F /* main.swift in Sources */ = {isa = PBXBuildFile; fileRef = 1F7D43E01ECF916E00A8890F /* main.swift */; };
		1FFB53ED1ED35946003A207A /* MD5.swift in Sources */ = {isa = PBXBuildFile; fileRef = 1FFB53EC1ED35946003A207A /* MD5.swift */; };
		1FFB53EF1ED35ACA003A207A /* Arguments.swift in Sources */ = {isa = PBXBuildFile; fileRef = 1FFB53EE1ED35ACA003A207A /* Arguments.swift */; };
		1FFB53F11ED35E62003A207A /* DataChunks.swift in Sources */ = {isa = PBXBuildFile; fileRef = 1FFB53F01ED35E62003A207A /* DataChunks.swift */; };
/* End PBXBuildFile section */

/* Begin PBXCopyFilesBuildPhase section */
		1F7D43DB1ECF916E00A8890F /* CopyFiles */ = {
			isa = PBXCopyFilesBuildPhase;
			buildActionMask = 2147483647;
			dstPath = /usr/share/man/man1/;
			dstSubfolderSpec = 0;
			files = (
			);
			runOnlyForDeploymentPostprocessing = 1;
		};
/* End PBXCopyFilesBuildPhase section */

/* Begin PBXFileReference section */
		1F7D43DD1ECF916E00A8890F /* partial-md5s */ = {isa = PBXFileReference; explicitFileType = "compiled.mach-o.executable"; includeInIndex = 0; path = "partial-md5s"; sourceTree = BUILT_PRODUCTS_DIR; };
		1F7D43E01ECF916E00A8890F /* main.swift */ = {isa = PBXFileReference; lastKnownFileType = sourcecode.swift; path = main.swift; sourceTree = "<group>"; };
		1F7D43E81ECF92E300A8890F /* libcommonCrypto.tbd */ = {isa = PBXFileReference; lastKnownFileType = "sourcecode.text-based-dylib-definition"; name = libcommonCrypto.tbd; path = usr/lib/system/libcommonCrypto.tbd; sourceTree = SDKROOT; };
		1FFB53EB1ED33CDD003A207A /* module.map */ = {isa = PBXFileReference; fileEncoding = 4; lastKnownFileType = "sourcecode.module-map"; path = module.map; sourceTree = "<group>"; };
		1FFB53EC1ED35946003A207A /* MD5.swift */ = {isa = PBXFileReference; fileEncoding = 4; lastKnownFileType = sourcecode.swift; path = MD5.swift; sourceTree = "<group>"; };
		1FFB53EE1ED35ACA003A207A /* Arguments.swift */ = {isa = PBXFileReference; fileEncoding = 4; lastKnownFileType = sourcecode.swift; path = Arguments.swift; sourceTree = "<group>"; };
		1FFB53F01ED35E62003A207A /* DataChunks.swift */ = {isa = PBXFileReference; fileEncoding = 4; lastKnownFileType = sourcecode.swift; path = DataChunks.swift; sourceTree = "<group>"; };
/* End PBXFileReference section */

/* Begin PBXFrameworksBuildPhase section */
		1F7D43DA1ECF916E00A8890F /* Frameworks */ = {
			isa = PBXFrameworksBuildPhase;
			buildActionMask = 2147483647;
			files = (
			);
			runOnlyForDeploymentPostprocessing = 0;
		};
/* End PBXFrameworksBuildPhase section */

/* Begin PBXGroup section */
		1F7D43D41ECF916E00A8890F = {
			isa = PBXGroup;
			children = (
				1FFB53EA1ED33CDD003A207A /* CommonCrypto */,
				1F7D43DF1ECF916E00A8890F /* partial-md5s */,
				1F7D43DE1ECF916E00A8890F /* Products */,
				1F7D43E71ECF92E300A8890F /* Frameworks */,
			);
			sourceTree = "<group>";
		};
		1F7D43DE1ECF916E00A8890F /* Products */ = {
			isa = PBXGroup;
			children = (
				1F7D43DD1ECF916E00A8890F /* partial-md5s */,
			);
			name = Products;
			sourceTree = "<group>";
		};
		1F7D43DF1ECF916E00A8890F /* partial-md5s */ = {
			isa = PBXGroup;
			children = (
				1FFB53EE1ED35ACA003A207A /* Arguments.swift */,
				1FFB53F01ED35E62003A207A /* DataChunks.swift */,
				1FFB53EC1ED35946003A207A /* MD5.swift */,
				1F7D43E01ECF916E00A8890F /* main.swift */,
			);
			path = "partial-md5s";
			sourceTree = "<group>";
		};
		1F7D43E71ECF92E300A8890F /* Frameworks */ = {
			isa = PBXGroup;
			children = (
				1F7D43E81ECF92E300A8890F /* libcommonCrypto.tbd */,
			);
			name = Frameworks;
			sourceTree = "<group>";
		};
		1FFB53EA1ED33CDD003A207A /* CommonCrypto */ = {
			isa = PBXGroup;
			children = (
				1FFB53EB1ED33CDD003A207A /* module.map */,
			);
			path = CommonCrypto;
			sourceTree = "<group>";
		};
/* End PBXGroup section */

/* Begin PBXNativeTarget section */
		1F7D43DC1ECF916E00A8890F /* partial-md5s */ = {
			isa = PBXNativeTarget;
			buildConfigurationList = 1F7D43E41ECF916E00A8890F /* Build configuration list for PBXNativeTarget "partial-md5s" */;
			buildPhases = (
				1F7D43D91ECF916E00A8890F /* Sources */,
				1F7D43DA1ECF916E00A8890F /* Frameworks */,
				1F7D43DB1ECF916E00A8890F /* CopyFiles */,
			);
			buildRules = (
			);
			dependencies = (
			);
			name = "partial-md5s";
			productName = "partial-md5s";
			productReference = 1F7D43DD1ECF916E00A8890F /* partial-md5s */;
			productType = "com.apple.product-type.tool";
		};
/* End PBXNativeTarget section */

/* Begin PBXProject section */
		1F7D43D51ECF916E00A8890F /* Project object */ = {
			isa = PBXProject;
			attributes = {
				LastSwiftUpdateCheck = 0830;
				LastUpgradeCheck = 0830;
				ORGANIZATIONNAME = "Jeff Kelley";
				TargetAttributes = {
					1F7D43DC1ECF916E00A8890F = {
						CreatedOnToolsVersion = 8.3.2;
						DevelopmentTeam = UCFNS9576M;
						LastSwiftMigration = 0830;
						ProvisioningStyle = Automatic;
					};
				};
			};
			buildConfigurationList = 1F7D43D81ECF916E00A8890F /* Build configuration list for PBXProject "partial-md5s" */;
			compatibilityVersion = "Xcode 3.2";
			developmentRegion = English;
			hasScannedForEncodings = 0;
			knownRegions = (
				en,
			);
			mainGroup = 1F7D43D41ECF916E00A8890F;
			productRefGroup = 1F7D43DE1ECF916E00A8890F /* Products */;
			projectDirPath = "";
			projectRoot = "";
			targets = (
				1F7D43DC1ECF916E00A8890F /* partial-md5s */,
			);
		};
/* End PBXProject section */

/* Begin PBXSourcesBuildPhase section */
		1F7D43D91ECF916E00A8890F /* Sources */ = {
			isa = PBXSourcesBuildPhase;
			buildActionMask = 2147483647;
			files = (
				1FFB53EF1ED35ACA003A207A /* Arguments.swift in Sources */,
				1FFB53F11ED35E62003A207A /* DataChunks.swift in Sources */,
				1FFB53ED1ED35946003A207A /* MD5.swift in Sources */,
				1F7D43E11ECF916E00A8890F /* main.swift in Sources */,
			);
			runOnlyForDeploymentPostprocessing = 0;
		};
/* End PBXSourcesBuildPhase section */

/* Begin XCBuildConfiguration section */
		1F7D43E21ECF916E00A8890F /* Debug */ = {
			isa = XCBuildConfiguration;
			buildSettings = {
				ALWAYS_SEARCH_USER_PATHS = YES;
				CLANG_ANALYZER_SECURITY_FLOATLOOPCOUNTER = YES;
				CLANG_ANALYZER_SECURITY_INSECUREAPI_RAND = YES;
				CLANG_ANALYZER_SECURITY_INSECUREAPI_STRCPY = YES;
				CLANG_WARN_BOOL_CONVERSION = YES;
				CLANG_WARN_CONSTANT_CONVERSION = YES;
				CLANG_WARN_DOCUMENTATION_COMMENTS = YES;
				CLANG_WARN_EMPTY_BODY = YES;
				CLANG_WARN_ENUM_CONVERSION = YES;
				CLANG_WARN_IMPLICIT_SIGN_CONVERSION = YES;
				CLANG_WARN_INFINITE_RECURSION = YES;
				CLANG_WARN_INT_CONVERSION = YES;
				CLANG_WARN_SUSPICIOUS_MOVE = YES;
				CLANG_WARN_UNREACHABLE_CODE = YES;
				DEBUG_INFORMATION_FORMAT = dwarf;
				GCC_DYNAMIC_NO_PIC = NO;
				GCC_NO_COMMON_BLOCKS = YES;
				GCC_OPTIMIZATION_LEVEL = 0;
				GCC_PREPROCESSOR_DEFINITIONS = (
					"DEBUG=1",
					"$(inherited)",
				);
				GCC_WARN_64_TO_32_BIT_CONVERSION = YES;
				GCC_WARN_ABOUT_MISSING_NEWLINE = YES;
				GCC_WARN_ABOUT_RETURN_TYPE = YES_ERROR;
				GCC_WARN_PEDANTIC = YES;
				GCC_WARN_UNINITIALIZED_AUTOS = YES_AGGRESSIVE;
				GCC_WARN_UNUSED_FUNCTION = YES;
				GCC_WARN_UNUSED_VARIABLE = YES;
				MACOSX_DEPLOYMENT_TARGET = 10.9;
				MTL_ENABLE_DEBUG_INFO = YES;
				ONLY_ACTIVE_ARCH = YES;
				SDKROOT = macosx;
				SWIFT_OPTIMIZATION_LEVEL = "-Onone";
				SWIFT_TREAT_WARNINGS_AS_ERRORS = YES;
				USER_HEADER_SEARCH_PATHS = "$(SRCROOT)";
			};
			name = Debug;
		};
		1F7D43E31ECF916E00A8890F /* Release */ = {
			isa = XCBuildConfiguration;
			buildSettings = {
				ALWAYS_SEARCH_USER_PATHS = YES;
				CLANG_ANALYZER_SECURITY_FLOATLOOPCOUNTER = YES;
				CLANG_ANALYZER_SECURITY_INSECUREAPI_RAND = YES;
				CLANG_ANALYZER_SECURITY_INSECUREAPI_STRCPY = YES;
				CLANG_WARN_BOOL_CONVERSION = YES;
				CLANG_WARN_CONSTANT_CONVERSION = YES;
				CLANG_WARN_DOCUMENTATION_COMMENTS = YES;
				CLANG_WARN_EMPTY_BODY = YES;
				CLANG_WARN_ENUM_CONVERSION = YES;
				CLANG_WARN_IMPLICIT_SIGN_CONVERSION = YES;
				CLANG_WARN_INFINITE_RECURSION = YES;
				CLANG_WARN_INT_CONVERSION = YES;
				CLANG_WARN_SUSPICIOUS_MOVE = YES;
				CLANG_WARN_UNREACHABLE_CODE = YES;
				DEBUG_INFORMATION_FORMAT = "dwarf-with-dsym";
				ENABLE_NS_ASSERTIONS = NO;
				GCC_NO_COMMON_BLOCKS = YES;
				GCC_WARN_64_TO_32_BIT_CONVERSION = YES;
				GCC_WARN_ABOUT_MISSING_NEWLINE = YES;
				GCC_WARN_ABOUT_RETURN_TYPE = YES_ERROR;
				GCC_WARN_PEDANTIC = YES;
				GCC_WARN_UNINITIALIZED_AUTOS = YES_AGGRESSIVE;
				GCC_WARN_UNUSED_FUNCTION = YES;
				GCC_WARN_UNUSED_VARIABLE = YES;
				MACOSX_DEPLOYMENT_TARGET = 10.9;
				MTL_ENABLE_DEBUG_INFO = NO;
				SDKROOT = macosx;
				SWIFT_TREAT_WARNINGS_AS_ERRORS = YES;
				USER_HEADER_SEARCH_PATHS = "$(SRCROOT)";
			};
			name = Release;
		};
		1F7D43E51ECF916E00A8890F /* Debug */ = {
			isa = XCBuildConfiguration;
			buildSettings = {
				PRODUCT_NAME = "partial-md5s";
				SWIFT_VERSION = 3.0;
			};
			name = Debug;
		};
		1F7D43E61ECF916E00A8890F /* Release */ = {
			isa = XCBuildConfiguration;
			buildSettings = {
				PRODUCT_NAME = "partial-md5s";
				SWIFT_VERSION = 3.0;
			};
			name = Release;
		};
/* End XCBuildConfiguration section */

/* Begin XCConfigurationList section */
		1F7D43D81ECF916E00A8890F /* Build configuration list for PBXProject "partial-md5s" */ = {
			isa = XCConfigurationList;
			buildConfigurations = (
				1F7D43E21ECF916E00A8890F /* Debug */,
				1F7D43E31ECF916E00A8890F /* Release */,
			);
			defaultConfigurationIsVisible = 0;
			defaultConfigurationName = Release;
		};
		1F7D43E41ECF916E00A8890F /* Build configuration list for PBXNativeTarget "partial-md5s" */ = {
			isa = XCConfigurationList;
			buildConfigurations = (
				1F7D43E51ECF916E00A8890F /* Debug */,
				1F7D43E61ECF916E00A8890F /* Release */,
			);
			defaultConfigurationIsVisible = 0;
			defaultConfigurationName = Release;
		};
/* End XCConfigurationList section */
	};
	rootObject = 1F7D43D51ECF916E00A8890F /* Project object */;
}
